
Microsoft Visual Studio Solution File, Format Version 12.00
# Visual Studio Version 17
VisualStudioVersion = 17.4.33110.190
MinimumVisualStudioVersion = 10.0.40219.1
Project("{FAE04EC0-301F-11D3-BF4B-00C04F79EFBC}") = "DelageAPI", "DelageAPI\DelageAPI.csproj", "{FC7ED0F9-72BC-4CCF-9B05-3784A59282FE}"
EndProject
Global
	GlobalSection(SolutionConfigurationPlatforms) = preSolution
		Debug|Any CPU = Debug|Any CPU
		Release|Any CPU = Release|Any CPU
	EndGlobalSection
	GlobalSection(ProjectConfigurationPlatforms) = postSolution
		{FC7ED0F9-72BC-4CCF-9B05-3784A59282FE}.Debug|Any CPU.ActiveCfg = Debug|Any CPU
		{FC7ED0F9-72BC-4CCF-9B05-3784A59282FE}.Debug|Any CPU.Build.0 = Debug|Any CPU
		{FC7ED0F9-72BC-4CCF-9B05-3784A59282FE}.Release|Any CPU.ActiveCfg = Release|Any CPU
		{FC7ED0F9-72BC-4CCF-9B05-3784A59282FE}.Release|Any CPU.Build.0 = Release|Any CPU
	EndGlobalSection
	GlobalSection(SolutionProperties) = preSolution
		HideSolutionNode = FALSE
	EndGlobalSection
	GlobalSection(ExtensibilityGlobals) = postSolution
		SolutionGuid = {CC631F83-87E4-4688-9F86-1793F37D7ED4}
	EndGlobalSection
EndGlobal
